
Microsoft Visual Studio Solution File, Format Version 12.00
# Visual Studio 15
VisualStudioVersion = 15.0.28010.2048
MinimumVisualStudioVersion = 10.0.40219.1
Project("{FAE04EC0-301F-11D3-BF4B-00C04F79EFBC}") = "MyHelloWorld", "MyHelloWorld\MyHelloWorld.csproj", "{905110ED-4887-43F0-939D-75373242B59D}"
EndProject
Global
	GlobalSection(SolutionConfigurationPlatforms) = preSolution
		Debug|Any CPU = Debug|Any CPU
		Release|Any CPU = Release|Any CPU
	EndGlobalSection
	GlobalSection(ProjectConfigurationPlatforms) = postSolution
		{905110ED-4887-43F0-939D-75373242B59D}.Debug|Any CPU.ActiveCfg = Debug|Any CPU
		{905110ED-4887-43F0-939D-75373242B59D}.Debug|Any CPU.Build.0 = Debug|Any CPU
		{905110ED-4887-43F0-939D-75373242B59D}.Release|Any CPU.ActiveCfg = Release|Any CPU
		{905110ED-4887-43F0-939D-75373242B59D}.Release|Any CPU.Build.0 = Release|Any CPU
	EndGlobalSection
	GlobalSection(SolutionProperties) = preSolution
		HideSolutionNode = FALSE
	EndGlobalSection
	GlobalSection(ExtensibilityGlobals) = postSolution
		SolutionGuid = {17AD6215-F2D7-4773-AE20-B9794BB067F2}
	EndGlobalSection
EndGlobal
